{
  "name": "eventmap",
  "version": "1.0.0",
  "lockfileVersion": 3,
  "requires": true,
  "packages": {
    "": {
      "name": "eventmap",
      "version": "1.0.0",
      "license": "ISC",
      "dependencies": {
        "country-state-city": "^3.2.1",
        "leaflet": "^1.9.4"
      }
    },
    "node_modules/country-state-city": {
      "version": "3.2.1",
      "resolved": "https://registry.npmjs.org/country-state-city/-/country-state-city-3.2.1.tgz",
      "integrity": "sha512-kxbanqMc6izjhc/EHkGPCTabSPZ2G6eG4/97akAYHJUN4stzzFEvQPZoF8oXDQ+10gM/O/yUmISCR1ZVxyb6EA=="
    },
    "node_modules/leaflet": {
      "version": "1.9.4",
      "resolved": "https://registry.npmjs.org/leaflet/-/leaflet-1.9.4.tgz",
      "integrity": "sha512-nxS1ynzJOmOlHp+iL3FyWqK89GtNL8U8rvlMOsQdTTssxZwCXh8N2NB3GDQOL+YR3XnWyZAxwQixURb+FA74PA=="
    }
  }
}
